
Microsoft Visual Studio Solution File, Format Version 12.00
Project("{FAE04EC0-301F-11D3-BF4B-00C04F79EFBC}") = "DUMFUC", "DUMFUC\DUMFUC.csproj", "{859D61B5-AD44-4D1B-8C04-5744C5AEEDB3}"
EndProject
Global
	GlobalSection(SolutionConfigurationPlatforms) = preSolution
		Debug|Any CPU = Debug|Any CPU
		Release|Any CPU = Release|Any CPU
	EndGlobalSection
	GlobalSection(ProjectConfigurationPlatforms) = postSolution
		{859D61B5-AD44-4D1B-8C04-5744C5AEEDB3}.Debug|Any CPU.ActiveCfg = Debug|Any CPU
		{859D61B5-AD44-4D1B-8C04-5744C5AEEDB3}.Debug|Any CPU.Build.0 = Debug|Any CPU
		{859D61B5-AD44-4D1B-8C04-5744C5AEEDB3}.Release|Any CPU.ActiveCfg = Release|Any CPU
		{859D61B5-AD44-4D1B-8C04-5744C5AEEDB3}.Release|Any CPU.Build.0 = Release|Any CPU
	EndGlobalSection
EndGlobal
